// !$*UTF8*$!
{
	archiveVersion = 1;
	classes = {
	};
	objectVersion = 46;
	objects = {

/* Begin PBXBuildFile section */
		540C68B5B1954585A03C0EEA /* libPods.a in Frameworks */ = {isa = PBXBuildFile; fileRef = 5F4BB796C41D4AE58B5C7F04 /* libPods.a */; };
		7E6114E91783926B00433603 /* Foundation.framework in Frameworks */ = {isa = PBXBuildFile; fileRef = 7E6114E81783926B00433603 /* Foundation.framework */; };
		7E6114EB1783926B00433603 /* CoreGraphics.framework in Frameworks */ = {isa = PBXBuildFile; fileRef = 7E6114EA1783926B00433603 /* CoreGraphics.framework */; };
		7E6114ED1783926B00433603 /* UIKit.framework in Frameworks */ = {isa = PBXBuildFile; fileRef = 7E6114EC1783926B00433603 /* UIKit.framework */; };
		7E6114EF1783926B00433603 /* CoreData.framework in Frameworks */ = {isa = PBXBuildFile; fileRef = 7E6114EE1783926B00433603 /* CoreData.framework */; };
		7E6115071783926B00433603 /* XCTest.framework in Frameworks */ = {isa = PBXBuildFile; fileRef = 7E6115061783926B00433603 /* XCTest.framework */; };
		7E6115081783926B00433603 /* Foundation.framework in Frameworks */ = {isa = PBXBuildFile; fileRef = 7E6114E81783926B00433603 /* Foundation.framework */; };
		7E6115091783926B00433603 /* UIKit.framework in Frameworks */ = {isa = PBXBuildFile; fileRef = 7E6114EC1783926B00433603 /* UIKit.framework */; };
		7E61150A1783926B00433603 /* CoreData.framework in Frameworks */ = {isa = PBXBuildFile; fileRef = 7E6114EE1783926B00433603 /* CoreData.framework */; };
		7E6115121783926B00433603 /* InfoPlist.strings in Resources */ = {isa = PBXBuildFile; fileRef = 7E6115101783926B00433603 /* InfoPlist.strings */; };
		7E6115141783926B00433603 /* RaiseTests.m in Sources */ = {isa = PBXBuildFile; fileRef = 7E6115131783926B00433603 /* RaiseTests.m */; };
		7E611530178396A900433603 /* libBirdKit.a in Frameworks */ = {isa = PBXBuildFile; fileRef = 7E61152F178396A900433603 /* libBirdKit.a */; };
		7E611532178396B200433603 /* libBirdKit.a in Frameworks */ = {isa = PBXBuildFile; fileRef = 7E611531178396B200433603 /* libBirdKit.a */; };
		7EFCD6F317839B570067C395 /* AppDelegate.m in Sources */ = {isa = PBXBuildFile; fileRef = 7EFCD6E617839B570067C395 /* AppDelegate.m */; };
		7EFCD6F417839B570067C395 /* Raise.xcdatamodeld in Sources */ = {isa = PBXBuildFile; fileRef = 7EFCD6E817839B570067C395 /* Raise.xcdatamodeld */; };
		7EFCD6F517839B570067C395 /* InfoPlist.strings in Resources */ = {isa = PBXBuildFile; fileRef = 7EFCD6EB17839B570067C395 /* InfoPlist.strings */; };
		7EFCD6F617839B570067C395 /* Images.xcassets in Resources */ = {isa = PBXBuildFile; fileRef = 7EFCD6ED17839B570067C395 /* Images.xcassets */; };
		7EFCD6F717839B570067C395 /* main.m in Sources */ = {isa = PBXBuildFile; fileRef = 7EFCD6EF17839B570067C395 /* main.m */; };
		7EFCD6FB17839C160067C395 /* RootViewController.m in Sources */ = {isa = PBXBuildFile; fileRef = 7EFCD6FA17839C160067C395 /* RootViewController.m */; };
		7EFCD70017839C530067C395 /* MenuView.m in Sources */ = {isa = PBXBuildFile; fileRef = 7EFCD6FD17839C530067C395 /* MenuView.m */; };
		7EFCD70117839C530067C395 /* MenuViewController.m in Sources */ = {isa = PBXBuildFile; fileRef = 7EFCD6FF17839C530067C395 /* MenuViewController.m */; };
		7EFCD7051783AC5F0067C395 /* JobDiscoveryViewController.m in Sources */ = {isa = PBXBuildFile; fileRef = 7EFCD7031783AC5F0067C395 /* JobDiscoveryViewController.m */; };
		7EFCD7061783AC5F0067C395 /* JobDiscoveryViewController.xib in Resources */ = {isa = PBXBuildFile; fileRef = 7EFCD7041783AC5F0067C395 /* JobDiscoveryViewController.xib */; };
		7EFCD70D1783AE010067C395 /* discovery.png in Resources */ = {isa = PBXBuildFile; fileRef = 7EFCD7091783AE010067C395 /* discovery.png */; };
		7EFCD70E1783AE010067C395 /* discovery@2x.png in Resources */ = {isa = PBXBuildFile; fileRef = 7EFCD70A1783AE010067C395 /* discovery@2x.png */; };
		7EFCD70F1783AE010067C395 /* login.png in Resources */ = {isa = PBXBuildFile; fileRef = 7EFCD70B1783AE010067C395 /* login.png */; };
		7EFCD7101783AE010067C395 /* login@2x.png in Resources */ = {isa = PBXBuildFile; fileRef = 7EFCD70C1783AE010067C395 /* login@2x.png */; };
		7EFCD7141783AF0F0067C395 /* logo_navbar.png in Resources */ = {isa = PBXBuildFile; fileRef = 7EFCD7121783AF0F0067C395 /* logo_navbar.png */; };
		7EFCD7151783AF0F0067C395 /* logo_navbar@2x.png in Resources */ = {isa = PBXBuildFile; fileRef = 7EFCD7131783AF0F0067C395 /* logo_navbar@2x.png */; };
		7EFCD71A1783B0B20067C395 /* UIColor+RaiseColors.m in Sources */ = {isa = PBXBuildFile; fileRef = 7EFCD7191783B0B20067C395 /* UIColor+RaiseColors.m */; };
		7EFCD71B1783B0B20067C395 /* UIColor+RaiseColors.m in Sources */ = {isa = PBXBuildFile; fileRef = 7EFCD7191783B0B20067C395 /* UIColor+RaiseColors.m */; };
/* End PBXBuildFile section */

/* Begin PBXContainerItemProxy section */
		7E61150B1783926B00433603 /* PBXContainerItemProxy */ = {
			isa = PBXContainerItemProxy;
			containerPortal = 7E6114DD1783926B00433603 /* Project object */;
			proxyType = 1;
			remoteGlobalIDString = 7E6114E41783926B00433603;
			remoteInfo = Raise;
		};
/* End PBXContainerItemProxy section */

/* Begin PBXFileReference section */
		453A707A4B2240CF9E663E90 /* Pods.xcconfig */ = {isa = PBXFileReference; includeInIndex = 1; lastKnownFileType = text.xcconfig; name = Pods.xcconfig; path = Pods/Pods.xcconfig; sourceTree = SOURCE_ROOT; };
		5F4BB796C41D4AE58B5C7F04 /* libPods.a */ = {isa = PBXFileReference; explicitFileType = archive.ar; includeInIndex = 0; path = libPods.a; sourceTree = BUILT_PRODUCTS_DIR; };
		7E6114E51783926B00433603 /* Raise.app */ = {isa = PBXFileReference; explicitFileType = wrapper.application; includeInIndex = 0; path = Raise.app; sourceTree = BUILT_PRODUCTS_DIR; };
		7E6114E81783926B00433603 /* Foundation.framework */ = {isa = PBXFileReference; lastKnownFileType = wrapper.framework; name = Foundation.framework; path = System/Library/Frameworks/Foundation.framework; sourceTree = SDKROOT; };
		7E6114EA1783926B00433603 /* CoreGraphics.framework */ = {isa = PBXFileReference; lastKnownFileType = wrapper.framework; name = CoreGraphics.framework; path = System/Library/Frameworks/CoreGraphics.framework; sourceTree = SDKROOT; };
		7E6114EC1783926B00433603 /* UIKit.framework */ = {isa = PBXFileReference; lastKnownFileType = wrapper.framework; name = UIKit.framework; path = System/Library/Frameworks/UIKit.framework; sourceTree = SDKROOT; };
		7E6114EE1783926B00433603 /* CoreData.framework */ = {isa = PBXFileReference; lastKnownFileType = wrapper.framework; name = CoreData.framework; path = System/Library/Frameworks/CoreData.framework; sourceTree = SDKROOT; };
		7E6115051783926B00433603 /* RaiseTests.xctest */ = {isa = PBXFileReference; explicitFileType = wrapper.cfbundle; includeInIndex = 0; path = RaiseTests.xctest; sourceTree = BUILT_PRODUCTS_DIR; };
		7E6115061783926B00433603 /* XCTest.framework */ = {isa = PBXFileReference; lastKnownFileType = wrapper.framework; name = XCTest.framework; path = Library/Frameworks/XCTest.framework; sourceTree = DEVELOPER_DIR; };
		7E61150F1783926B00433603 /* RaiseTests-Info.plist */ = {isa = PBXFileReference; lastKnownFileType = text.plist.xml; path = "RaiseTests-Info.plist"; sourceTree = "<group>"; };
		7E6115111783926B00433603 /* en */ = {isa = PBXFileReference; lastKnownFileType = text.plist.strings; name = en; path = en.lproj/InfoPlist.strings; sourceTree = "<group>"; };
		7E6115131783926B00433603 /* RaiseTests.m */ = {isa = PBXFileReference; lastKnownFileType = sourcecode.c.objc; path = RaiseTests.m; sourceTree = "<group>"; };
		7E61152F178396A900433603 /* libBirdKit.a */ = {isa = PBXFileReference; lastKnownFileType = archive.ar; name = libBirdKit.a; path = "../BirdKit/build/Debug-iphoneos/libBirdKit.a"; sourceTree = "<group>"; };
		7E611531178396B200433603 /* libBirdKit.a */ = {isa = PBXFileReference; lastKnownFileType = archive.ar; name = libBirdKit.a; path = "../BirdKit/build/Debug-iphoneos/libBirdKit.a"; sourceTree = "<group>"; };
		7EFCD6E517839B570067C395 /* AppDelegate.h */ = {isa = PBXFileReference; fileEncoding = 4; lastKnownFileType = sourcecode.c.h; path = AppDelegate.h; sourceTree = "<group>"; };
		7EFCD6E617839B570067C395 /* AppDelegate.m */ = {isa = PBXFileReference; fileEncoding = 4; lastKnownFileType = sourcecode.c.objc; path = AppDelegate.m; sourceTree = "<group>"; };
		7EFCD6E917839B570067C395 /* Raise.xcdatamodel */ = {isa = PBXFileReference; lastKnownFileType = wrapper.xcdatamodel; path = Raise.xcdatamodel; sourceTree = "<group>"; };
		7EFCD6EC17839B570067C395 /* en */ = {isa = PBXFileReference; lastKnownFileType = text.plist.strings; name = en; path = en.lproj/InfoPlist.strings; sourceTree = "<group>"; };
		7EFCD6ED17839B570067C395 /* Images.xcassets */ = {isa = PBXFileReference; lastKnownFileType = folder.assetcatalog; path = Images.xcassets; sourceTree = "<group>"; };
		7EFCD6EF17839B570067C395 /* main.m */ = {isa = PBXFileReference; fileEncoding = 4; lastKnownFileType = sourcecode.c.objc; path = main.m; sourceTree = "<group>"; };
		7EFCD6F017839B570067C395 /* Raise-Info.plist */ = {isa = PBXFileReference; fileEncoding = 4; lastKnownFileType = text.plist.xml; path = "Raise-Info.plist"; sourceTree = "<group>"; };
		7EFCD6F117839B570067C395 /* Raise-Prefix.pch */ = {isa = PBXFileReference; fileEncoding = 4; lastKnownFileType = sourcecode.c.h; path = "Raise-Prefix.pch"; sourceTree = "<group>"; };
		7EFCD6F917839C160067C395 /* RootViewController.h */ = {isa = PBXFileReference; fileEncoding = 4; lastKnownFileType = sourcecode.c.h; path = RootViewController.h; sourceTree = "<group>"; };
		7EFCD6FA17839C160067C395 /* RootViewController.m */ = {isa = PBXFileReference; fileEncoding = 4; lastKnownFileType = sourcecode.c.objc; path = RootViewController.m; sourceTree = "<group>"; };
		7EFCD6FC17839C530067C395 /* MenuView.h */ = {isa = PBXFileReference; fileEncoding = 4; lastKnownFileType = sourcecode.c.h; path = MenuView.h; sourceTree = "<group>"; };
		7EFCD6FD17839C530067C395 /* MenuView.m */ = {isa = PBXFileReference; fileEncoding = 4; lastKnownFileType = sourcecode.c.objc; path = MenuView.m; sourceTree = "<group>"; };
		7EFCD6FE17839C530067C395 /* MenuViewController.h */ = {isa = PBXFileReference; fileEncoding = 4; lastKnownFileType = sourcecode.c.h; path = MenuViewController.h; sourceTree = "<group>"; };
		7EFCD6FF17839C530067C395 /* MenuViewController.m */ = {isa = PBXFileReference; fileEncoding = 4; lastKnownFileType = sourcecode.c.objc; path = MenuViewController.m; sourceTree = "<group>"; };
		7EFCD7021783AC5F0067C395 /* JobDiscoveryViewController.h */ = {isa = PBXFileReference; fileEncoding = 4; lastKnownFileType = sourcecode.c.h; path = JobDiscoveryViewController.h; sourceTree = "<group>"; };
		7EFCD7031783AC5F0067C395 /* JobDiscoveryViewController.m */ = {isa = PBXFileReference; fileEncoding = 4; lastKnownFileType = sourcecode.c.objc; path = JobDiscoveryViewController.m; sourceTree = "<group>"; };
		7EFCD7041783AC5F0067C395 /* JobDiscoveryViewController.xib */ = {isa = PBXFileReference; fileEncoding = 4; lastKnownFileType = file.xib; path = JobDiscoveryViewController.xib; sourceTree = "<group>"; };
		7EFCD7091783AE010067C395 /* discovery.png */ = {isa = PBXFileReference; lastKnownFileType = image.png; path = discovery.png; sourceTree = "<group>"; };
		7EFCD70A1783AE010067C395 /* discovery@2x.png */ = {isa = PBXFileReference; lastKnownFileType = image.png; path = "discovery@2x.png"; sourceTree = "<group>"; };
		7EFCD70B1783AE010067C395 /* login.png */ = {isa = PBXFileReference; lastKnownFileType = image.png; path = login.png; sourceTree = "<group>"; };
		7EFCD70C1783AE010067C395 /* login@2x.png */ = {isa = PBXFileReference; lastKnownFileType = image.png; path = "login@2x.png"; sourceTree = "<group>"; };
		7EFCD7121783AF0F0067C395 /* logo_navbar.png */ = {isa = PBXFileReference; lastKnownFileType = image.png; path = logo_navbar.png; sourceTree = "<group>"; };
		7EFCD7131783AF0F0067C395 /* logo_navbar@2x.png */ = {isa = PBXFileReference; lastKnownFileType = image.png; path = "logo_navbar@2x.png"; sourceTree = "<group>"; };
		7EFCD7171783B09B0067C395 /* Categories-Prefix.h */ = {isa = PBXFileReference; fileEncoding = 4; lastKnownFileType = sourcecode.c.h; path = "Categories-Prefix.h"; sourceTree = "<group>"; };
		7EFCD7181783B0B20067C395 /* UIColor+RaiseColors.h */ = {isa = PBXFileReference; fileEncoding = 4; lastKnownFileType = sourcecode.c.h; path = "UIColor+RaiseColors.h"; sourceTree = "<group>"; };
		7EFCD7191783B0B20067C395 /* UIColor+RaiseColors.m */ = {isa = PBXFileReference; fileEncoding = 4; lastKnownFileType = sourcecode.c.objc; path = "UIColor+RaiseColors.m"; sourceTree = "<group>"; };
/* End PBXFileReference section */

/* Begin PBXFrameworksBuildPhase section */
		7E6114E21783926B00433603 /* Frameworks */ = {
			isa = PBXFrameworksBuildPhase;
			buildActionMask = 2147483647;
			files = (
				7E611530178396A900433603 /* libBirdKit.a in Frameworks */,
				7E6114EB1783926B00433603 /* CoreGraphics.framework in Frameworks */,
				7E6114EF1783926B00433603 /* CoreData.framework in Frameworks */,
				7E6114ED1783926B00433603 /* UIKit.framework in Frameworks */,
				7E6114E91783926B00433603 /* Foundation.framework in Frameworks */,
				540C68B5B1954585A03C0EEA /* libPods.a in Frameworks */,
			);
			runOnlyForDeploymentPostprocessing = 0;
		};
		7E6115021783926B00433603 /* Frameworks */ = {
			isa = PBXFrameworksBuildPhase;
			buildActionMask = 2147483647;
			files = (
				7E611532178396B200433603 /* libBirdKit.a in Frameworks */,
				7E6115071783926B00433603 /* XCTest.framework in Frameworks */,
				7E61150A1783926B00433603 /* CoreData.framework in Frameworks */,
				7E6115091783926B00433603 /* UIKit.framework in Frameworks */,
				7E6115081783926B00433603 /* Foundation.framework in Frameworks */,
			);
			runOnlyForDeploymentPostprocessing = 0;
		};
/* End PBXFrameworksBuildPhase section */

/* Begin PBXGroup section */
		7E6114DC1783926B00433603 = {
			isa = PBXGroup;
			children = (
				7E6114F01783926B00433603 /* Raise */,
				7E61150D1783926B00433603 /* RaiseTests */,
				7E6114E71783926B00433603 /* Frameworks */,
				7E6114E61783926B00433603 /* Products */,
				453A707A4B2240CF9E663E90 /* Pods.xcconfig */,
			);
			sourceTree = "<group>";
		};
		7E6114E61783926B00433603 /* Products */ = {
			isa = PBXGroup;
			children = (
				7E6114E51783926B00433603 /* Raise.app */,
				7E6115051783926B00433603 /* RaiseTests.xctest */,
			);
			name = Products;
			sourceTree = "<group>";
		};
		7E6114E71783926B00433603 /* Frameworks */ = {
			isa = PBXGroup;
			children = (
				7E611531178396B200433603 /* libBirdKit.a */,
				7E61152F178396A900433603 /* libBirdKit.a */,
				7E6114E81783926B00433603 /* Foundation.framework */,
				7E6114EA1783926B00433603 /* CoreGraphics.framework */,
				7E6114EC1783926B00433603 /* UIKit.framework */,
				7E6114EE1783926B00433603 /* CoreData.framework */,
				7E6115061783926B00433603 /* XCTest.framework */,
				5F4BB796C41D4AE58B5C7F04 /* libPods.a */,
			);
			name = Frameworks;
			sourceTree = "<group>";
		};
		7E6114F01783926B00433603 /* Raise */ = {
			isa = PBXGroup;
			children = (
				7EFCD6E417839B570067C395 /* Components */,
				7EFCD6E717839B570067C395 /* Models */,
				7EFCD6F217839B570067C395 /* Views+ViewControllers */,
				7EFCD7161783B0860067C395 /* Categories */,
				7EFCD6EA17839B570067C395 /* Resources */,
				7EFCD6EE17839B570067C395 /* SupportingFiles */,
			);
			path = Raise;
			sourceTree = "<group>";
		};
		7E61150D1783926B00433603 /* RaiseTests */ = {
			isa = PBXGroup;
			children = (
				7E6115131783926B00433603 /* RaiseTests.m */,
				7E61150E1783926B00433603 /* Supporting Files */,
			);
			path = RaiseTests;
			sourceTree = "<group>";
		};
		7E61150E1783926B00433603 /* Supporting Files */ = {
			isa = PBXGroup;
			children = (
				7E61150F1783926B00433603 /* RaiseTests-Info.plist */,
				7E6115101783926B00433603 /* InfoPlist.strings */,
			);
			name = "Supporting Files";
			sourceTree = "<group>";
		};
		7EFCD6E417839B570067C395 /* Components */ = {
			isa = PBXGroup;
			children = (
				7EFCD6E517839B570067C395 /* AppDelegate.h */,
				7EFCD6E617839B570067C395 /* AppDelegate.m */,
			);
			path = Components;
			sourceTree = "<group>";
		};
		7EFCD6E717839B570067C395 /* Models */ = {
			isa = PBXGroup;
			children = (
				7EFCD6E817839B570067C395 /* Raise.xcdatamodeld */,
			);
			path = Models;
			sourceTree = "<group>";
		};
		7EFCD6EA17839B570067C395 /* Resources */ = {
			isa = PBXGroup;
			children = (
				7EFCD7111783AF0F0067C395 /* Logo */,
				7EFCD7071783AE010067C395 /* Images */,
				7EFCD6EB17839B570067C395 /* InfoPlist.strings */,
				7EFCD6ED17839B570067C395 /* Images.xcassets */,
			);
			path = Resources;
			sourceTree = "<group>";
		};
		7EFCD6EE17839B570067C395 /* SupportingFiles */ = {
			isa = PBXGroup;
			children = (
				7EFCD6EF17839B570067C395 /* main.m */,
				7EFCD6F017839B570067C395 /* Raise-Info.plist */,
				7EFCD6F117839B570067C395 /* Raise-Prefix.pch */,
			);
			path = SupportingFiles;
			sourceTree = "<group>";
		};
		7EFCD6F217839B570067C395 /* Views+ViewControllers */ = {
			isa = PBXGroup;
			children = (
				7EFCD6F917839C160067C395 /* RootViewController.h */,
				7EFCD6FA17839C160067C395 /* RootViewController.m */,
				7EFCD6FC17839C530067C395 /* MenuView.h */,
				7EFCD6FD17839C530067C395 /* MenuView.m */,
				7EFCD6FE17839C530067C395 /* MenuViewController.h */,
				7EFCD6FF17839C530067C395 /* MenuViewController.m */,
				7EFCD7021783AC5F0067C395 /* JobDiscoveryViewController.h */,
				7EFCD7031783AC5F0067C395 /* JobDiscoveryViewController.m */,
				7EFCD7041783AC5F0067C395 /* JobDiscoveryViewController.xib */,
			);
			path = "Views+ViewControllers";
			sourceTree = "<group>";
		};
		7EFCD7071783AE010067C395 /* Images */ = {
			isa = PBXGroup;
			children = (
				7EFCD7081783AE010067C395 /* Mockups */,
			);
			path = Images;
			sourceTree = "<group>";
		};
		7EFCD7081783AE010067C395 /* Mockups */ = {
			isa = PBXGroup;
			children = (
				7EFCD7091783AE010067C395 /* discovery.png */,
				7EFCD70A1783AE010067C395 /* discovery@2x.png */,
				7EFCD70B1783AE010067C395 /* login.png */,
				7EFCD70C1783AE010067C395 /* login@2x.png */,
			);
			path = Mockups;
			sourceTree = "<group>";
		};
		7EFCD7111783AF0F0067C395 /* Logo */ = {
			isa = PBXGroup;
			children = (
				7EFCD7121783AF0F0067C395 /* logo_navbar.png */,
				7EFCD7131783AF0F0067C395 /* logo_navbar@2x.png */,
			);
			name = Logo;
			path = Images/Logo;
			sourceTree = "<group>";
		};
		7EFCD7161783B0860067C395 /* Categories */ = {
			isa = PBXGroup;
			children = (
				7EFCD7171783B09B0067C395 /* Categories-Prefix.h */,
				7EFCD7181783B0B20067C395 /* UIColor+RaiseColors.h */,
				7EFCD7191783B0B20067C395 /* UIColor+RaiseColors.m */,
			);
			path = Categories;
			sourceTree = "<group>";
		};
/* End PBXGroup section */

/* Begin PBXNativeTarget section */
		7E6114E41783926B00433603 /* Raise */ = {
			isa = PBXNativeTarget;
			buildConfigurationList = 7E6115171783926B00433603 /* Build configuration list for PBXNativeTarget "Raise" */;
			buildPhases = (
				4406CA08F2314AC9AF575A63 /* Check Pods Manifest.lock */,
				7E6114E11783926B00433603 /* Sources */,
				7E6114E21783926B00433603 /* Frameworks */,
				7E6114E31783926B00433603 /* Resources */,
				C3349CA7262D4C19895C2FF6 /* Copy Pods Resources */,
			);
			buildRules = (
			);
			dependencies = (
			);
			name = Raise;
			productName = Raise;
			productReference = 7E6114E51783926B00433603 /* Raise.app */;
			productType = "com.apple.product-type.application";
		};
		7E6115041783926B00433603 /* RaiseTests */ = {
			isa = PBXNativeTarget;
			buildConfigurationList = 7E61151A1783926B00433603 /* Build configuration list for PBXNativeTarget "RaiseTests" */;
			buildPhases = (
				7E6115011783926B00433603 /* Sources */,
				7E6115021783926B00433603 /* Frameworks */,
				7E6115031783926B00433603 /* Resources */,
			);
			buildRules = (
			);
			dependencies = (
				7E61150C1783926B00433603 /* PBXTargetDependency */,
			);
			name = RaiseTests;
			productName = RaiseTests;
			productReference = 7E6115051783926B00433603 /* RaiseTests.xctest */;
			productType = "com.apple.product-type.bundle.unit-test";
		};
/* End PBXNativeTarget section */

/* Begin PBXProject section */
		7E6114DD1783926B00433603 /* Project object */ = {
			isa = PBXProject;
			attributes = {
				LastUpgradeCheck = 0500;
				ORGANIZATIONNAME = "LuckyBird, Inc.";
				TargetAttributes = {
					7E6115041783926B00433603 = {
						TestTargetID = 7E6114E41783926B00433603;
					};
				};
			};
			buildConfigurationList = 7E6114E01783926B00433603 /* Build configuration list for PBXProject "Raise" */;
			compatibilityVersion = "Xcode 3.2";
			developmentRegion = English;
			hasScannedForEncodings = 0;
			knownRegions = (
				en,
			);
			mainGroup = 7E6114DC1783926B00433603;
			productRefGroup = 7E6114E61783926B00433603 /* Products */;
			projectDirPath = "";
			projectRoot = "";
			targets = (
				7E6114E41783926B00433603 /* Raise */,
				7E6115041783926B00433603 /* RaiseTests */,
			);
		};
/* End PBXProject section */

/* Begin PBXResourcesBuildPhase section */
		7E6114E31783926B00433603 /* Resources */ = {
			isa = PBXResourcesBuildPhase;
			buildActionMask = 2147483647;
			files = (
				7EFCD70D1783AE010067C395 /* discovery.png in Resources */,
				7EFCD70F1783AE010067C395 /* login.png in Resources */,
				7EFCD7151783AF0F0067C395 /* logo_navbar@2x.png in Resources */,
				7EFCD6F517839B570067C395 /* InfoPlist.strings in Resources */,
				7EFCD6F617839B570067C395 /* Images.xcassets in Resources */,
				7EFCD7141783AF0F0067C395 /* logo_navbar.png in Resources */,
				7EFCD7101783AE010067C395 /* login@2x.png in Resources */,
				7EFCD70E1783AE010067C395 /* discovery@2x.png in Resources */,
				7EFCD7061783AC5F0067C395 /* JobDiscoveryViewController.xib in Resources */,
			);
			runOnlyForDeploymentPostprocessing = 0;
		};
		7E6115031783926B00433603 /* Resources */ = {
			isa = PBXResourcesBuildPhase;
			buildActionMask = 2147483647;
			files = (
				7E6115121783926B00433603 /* InfoPlist.strings in Resources */,
			);
			runOnlyForDeploymentPostprocessing = 0;
		};
/* End PBXResourcesBuildPhase section */

/* Begin PBXShellScriptBuildPhase section */
		4406CA08F2314AC9AF575A63 /* Check Pods Manifest.lock */ = {
			isa = PBXShellScriptBuildPhase;
			buildActionMask = 2147483647;
			files = (
			);
			inputPaths = (
			);
			name = "Check Pods Manifest.lock";
			outputPaths = (
			);
			runOnlyForDeploymentPostprocessing = 0;
			shellPath = /bin/sh;
			shellScript = "diff \"${PODS_ROOT}/../Podfile.lock\" \"${PODS_ROOT}/Manifest.lock\" > /dev/null\nif [[ $? != 0 ]] ; then\n    cat << EOM\nerror: The sandbox is not in sync with the Podfile.lock. Run 'pod install' or update your CocoaPods installation.\nEOM\n    exit 1\nfi\n";
		};
		C3349CA7262D4C19895C2FF6 /* Copy Pods Resources */ = {
			isa = PBXShellScriptBuildPhase;
			buildActionMask = 2147483647;
			files = (
			);
			inputPaths = (
			);
			name = "Copy Pods Resources";
			outputPaths = (
			);
			runOnlyForDeploymentPostprocessing = 0;
			shellPath = /bin/sh;
			shellScript = "\"${SRCROOT}/Pods/Pods-resources.sh\"\n";
		};
/* End PBXShellScriptBuildPhase section */

/* Begin PBXSourcesBuildPhase section */
		7E6114E11783926B00433603 /* Sources */ = {
			isa = PBXSourcesBuildPhase;
			buildActionMask = 2147483647;
			files = (
				7EFCD7051783AC5F0067C395 /* JobDiscoveryViewController.m in Sources */,
				7EFCD6F417839B570067C395 /* Raise.xcdatamodeld in Sources */,
				7EFCD70117839C530067C395 /* MenuViewController.m in Sources */,
				7EFCD6F717839B570067C395 /* main.m in Sources */,
				7EFCD6FB17839C160067C395 /* RootViewController.m in Sources */,
				7EFCD6F317839B570067C395 /* AppDelegate.m in Sources */,
				7EFCD71A1783B0B20067C395 /* UIColor+RaiseColors.m in Sources */,
				7EFCD70017839C530067C395 /* MenuView.m in Sources */,
			);
			runOnlyForDeploymentPostprocessing = 0;
		};
		7E6115011783926B00433603 /* Sources */ = {
			isa = PBXSourcesBuildPhase;
			buildActionMask = 2147483647;
			files = (
				7EFCD71B1783B0B20067C395 /* UIColor+RaiseColors.m in Sources */,
				7E6115141783926B00433603 /* RaiseTests.m in Sources */,
			);
			runOnlyForDeploymentPostprocessing = 0;
		};
/* End PBXSourcesBuildPhase section */

/* Begin PBXTargetDependency section */
		7E61150C1783926B00433603 /* PBXTargetDependency */ = {
			isa = PBXTargetDependency;
			target = 7E6114E41783926B00433603 /* Raise */;
			targetProxy = 7E61150B1783926B00433603 /* PBXContainerItemProxy */;
		};
/* End PBXTargetDependency section */

/* Begin PBXVariantGroup section */
		7E6115101783926B00433603 /* InfoPlist.strings */ = {
			isa = PBXVariantGroup;
			children = (
				7E6115111783926B00433603 /* en */,
			);
			name = InfoPlist.strings;
			sourceTree = "<group>";
		};
		7EFCD6EB17839B570067C395 /* InfoPlist.strings */ = {
			isa = PBXVariantGroup;
			children = (
				7EFCD6EC17839B570067C395 /* en */,
			);
			name = InfoPlist.strings;
			sourceTree = "<group>";
		};
/* End PBXVariantGroup section */

/* Begin XCBuildConfiguration section */
		7E6115151783926B00433603 /* Debug */ = {
			isa = XCBuildConfiguration;
			buildSettings = {
				ALWAYS_SEARCH_USER_PATHS = YES;
				CLANG_CXX_LANGUAGE_STANDARD = "gnu++0x";
				CLANG_CXX_LIBRARY = "libc++";
				CLANG_ENABLE_MODULES = YES;
				CLANG_ENABLE_OBJC_ARC = YES;
				CLANG_WARN_BOOL_CONVERSION = YES;
				CLANG_WARN_CONSTANT_CONVERSION = YES;
				CLANG_WARN_DIRECT_OBJC_ISA_USAGE = YES_ERROR;
				CLANG_WARN_EMPTY_BODY = YES;
				CLANG_WARN_ENUM_CONVERSION = YES;
				CLANG_WARN_INT_CONVERSION = YES;
				CLANG_WARN_OBJC_ROOT_CLASS = YES_ERROR;
				CLANG_WARN__DUPLICATE_METHOD_MATCH = YES;
				"CODE_SIGN_IDENTITY[sdk=iphoneos*]" = "iPhone Developer";
				COPY_PHASE_STRIP = NO;
				GCC_C_LANGUAGE_STANDARD = gnu99;
				GCC_DYNAMIC_NO_PIC = NO;
				GCC_OPTIMIZATION_LEVEL = 0;
				GCC_PREFIX_HEADER = "Raise/SupportingFiles/Raise-Prefix.pch";
				GCC_PREPROCESSOR_DEFINITIONS = (
					"DEBUG=1",
					"$(inherited)",
				);
				GCC_SYMBOLS_PRIVATE_EXTERN = NO;
				GCC_WARN_ABOUT_RETURN_TYPE = YES_ERROR;
				GCC_WARN_UNDECLARED_SELECTOR = YES;
				GCC_WARN_UNINITIALIZED_AUTOS = YES;
				GCC_WARN_UNUSED_FUNCTION = YES;
				GCC_WARN_UNUSED_VARIABLE = YES;
				HEADER_SEARCH_PATHS = "";
				IPHONEOS_DEPLOYMENT_TARGET = 6.0;
				ONLY_ACTIVE_ARCH = YES;
				SDKROOT = iphoneos;
				USER_HEADER_SEARCH_PATHS = "$(SRCROOT)/../BirdKit/**";
			};
			name = Debug;
		};
		7E6115161783926B00433603 /* Release */ = {
			isa = XCBuildConfiguration;
			buildSettings = {
				ALWAYS_SEARCH_USER_PATHS = YES;
				CLANG_CXX_LANGUAGE_STANDARD = "gnu++0x";
				CLANG_CXX_LIBRARY = "libc++";
				CLANG_ENABLE_MODULES = YES;
				CLANG_ENABLE_OBJC_ARC = YES;
				CLANG_WARN_BOOL_CONVERSION = YES;
				CLANG_WARN_CONSTANT_CONVERSION = YES;
				CLANG_WARN_DIRECT_OBJC_ISA_USAGE = YES_ERROR;
				CLANG_WARN_EMPTY_BODY = YES;
				CLANG_WARN_ENUM_CONVERSION = YES;
				CLANG_WARN_INT_CONVERSION = YES;
				CLANG_WARN_OBJC_ROOT_CLASS = YES_ERROR;
				CLANG_WARN__DUPLICATE_METHOD_MATCH = YES;
				"CODE_SIGN_IDENTITY[sdk=iphoneos*]" = "iPhone Developer";
				COPY_PHASE_STRIP = YES;
				ENABLE_NS_ASSERTIONS = NO;
				GCC_C_LANGUAGE_STANDARD = gnu99;
				GCC_PREFIX_HEADER = "Raise/SupportingFiles/Raise-Prefix.pch";
				GCC_WARN_ABOUT_RETURN_TYPE = YES_ERROR;
				GCC_WARN_UNDECLARED_SELECTOR = YES;
				GCC_WARN_UNINITIALIZED_AUTOS = YES;
				GCC_WARN_UNUSED_FUNCTION = YES;
				GCC_WARN_UNUSED_VARIABLE = YES;
				HEADER_SEARCH_PATHS = "";
				IPHONEOS_DEPLOYMENT_TARGET = 6.0;
				SDKROOT = iphoneos;
				USER_HEADER_SEARCH_PATHS = "$(SRCROOT)/../BirdKit/**";
				VALIDATE_PRODUCT = YES;
			};
			name = Release;
		};
		7E6115181783926B00433603 /* Debug */ = {
			isa = XCBuildConfiguration;
			baseConfigurationReference = 453A707A4B2240CF9E663E90 /* Pods.xcconfig */;
			buildSettings = {
				ASSETCATALOG_COMPILER_APPICON_NAME = AppIcon;
				ASSETCATALOG_COMPILER_LAUNCHIMAGE_NAME = LaunchImage;
				GCC_PRECOMPILE_PREFIX_HEADER = YES;
				INFOPLIST_FILE = "Raise/SupportingFiles/Raise-Info.plist";
				PRODUCT_NAME = "$(TARGET_NAME)";
				WRAPPER_EXTENSION = app;
			};
			name = Debug;
		};
		7E6115191783926B00433603 /* Release */ = {
			isa = XCBuildConfiguration;
			baseConfigurationReference = 453A707A4B2240CF9E663E90 /* Pods.xcconfig */;
			buildSettings = {
				ASSETCATALOG_COMPILER_APPICON_NAME = AppIcon;
				ASSETCATALOG_COMPILER_LAUNCHIMAGE_NAME = LaunchImage;
				GCC_PRECOMPILE_PREFIX_HEADER = YES;
				INFOPLIST_FILE = "Raise/SupportingFiles/Raise-Info.plist";
				PRODUCT_NAME = "$(TARGET_NAME)";
				WRAPPER_EXTENSION = app;
			};
			name = Release;
		};
		7E61151B1783926B00433603 /* Debug */ = {
			isa = XCBuildConfiguration;
			buildSettings = {
				BUNDLE_LOADER = "$(BUILT_PRODUCTS_DIR)/Raise.app/Raise";
				FRAMEWORK_SEARCH_PATHS = (
					"$(SDKROOT)/Developer/Library/Frameworks",
					"$(inherited)",
					"$(SYSTEM_APPS_DIR)/Xcode5-DP.app/Contents/Developer/Library/Frameworks",
				);
				GCC_PRECOMPILE_PREFIX_HEADER = YES;
				GCC_PREPROCESSOR_DEFINITIONS = (
					"DEBUG=1",
					"$(inherited)",
				);
				INFOPLIST_FILE = "RaiseTests/RaiseTests-Info.plist";
				PRODUCT_NAME = "$(TARGET_NAME)";
				TEST_HOST = "$(BUNDLE_LOADER)";
				WRAPPER_EXTENSION = xctest;
			};
			name = Debug;
		};
		7E61151C1783926B00433603 /* Release */ = {
			isa = XCBuildConfiguration;
			buildSettings = {
				BUNDLE_LOADER = "$(BUILT_PRODUCTS_DIR)/Raise.app/Raise";
				FRAMEWORK_SEARCH_PATHS = (
					"$(SDKROOT)/Developer/Library/Frameworks",
					"$(inherited)",
					"$(SYSTEM_APPS_DIR)/Xcode5-DP.app/Contents/Developer/Library/Frameworks",
				);
				GCC_PRECOMPILE_PREFIX_HEADER = YES;
				INFOPLIST_FILE = "RaiseTests/RaiseTests-Info.plist";
				PRODUCT_NAME = "$(TARGET_NAME)";
				TEST_HOST = "$(BUNDLE_LOADER)";
				WRAPPER_EXTENSION = xctest;
			};
			name = Release;
		};
/* End XCBuildConfiguration section */

/* Begin XCConfigurationList section */
		7E6114E01783926B00433603 /* Build configuration list for PBXProject "Raise" */ = {
			isa = XCConfigurationList;
			buildConfigurations = (
				7E6115151783926B00433603 /* Debug */,
				7E6115161783926B00433603 /* Release */,
			);
			defaultConfigurationIsVisible = 0;
			defaultConfigurationName = Release;
		};
		7E6115171783926B00433603 /* Build configuration list for PBXNativeTarget "Raise" */ = {
			isa = XCConfigurationList;
			buildConfigurations = (
				7E6115181783926B00433603 /* Debug */,
				7E6115191783926B00433603 /* Release */,
			);
			defaultConfigurationIsVisible = 0;
			defaultConfigurationName = Release;
		};
		7E61151A1783926B00433603 /* Build configuration list for PBXNativeTarget "RaiseTests" */ = {
			isa = XCConfigurationList;
			buildConfigurations = (
				7E61151B1783926B00433603 /* Debug */,
				7E61151C1783926B00433603 /* Release */,
			);
			defaultConfigurationIsVisible = 0;
			defaultConfigurationName = Release;
		};
/* End XCConfigurationList section */

/* Begin XCVersionGroup section */
		7EFCD6E817839B570067C395 /* Raise.xcdatamodeld */ = {
			isa = XCVersionGroup;
			children = (
				7EFCD6E917839B570067C395 /* Raise.xcdatamodel */,
			);
			currentVersion = 7EFCD6E917839B570067C395 /* Raise.xcdatamodel */;
			path = Raise.xcdatamodeld;
			sourceTree = "<group>";
			versionGroupType = wrapper.xcdatamodel;
		};
/* End XCVersionGroup section */
	};
	rootObject = 7E6114DD1783926B00433603 /* Project object */;
}
